
Microsoft Visual Studio Solution File, Format Version 12.00
# Visual Studio Version 17
VisualStudioVersion = 17.9.34902.65
MinimumVisualStudioVersion = 10.0.40219.1
Project("{9A19103F-16F7-4668-BE54-9A1E7A4F7556}") = "BlazorApp1", "BlazorApp1.csproj", "{CD6DA773-986F-4503-88C1-193DF2A2A3DD}"
EndProject
Global
	GlobalSection(SolutionConfigurationPlatforms) = preSolution
		Debug|Any CPU = Debug|Any CPU
		Release|Any CPU = Release|Any CPU
	EndGlobalSection
	GlobalSection(ProjectConfigurationPlatforms) = postSolution
		{CD6DA773-986F-4503-88C1-193DF2A2A3DD}.Debug|Any CPU.ActiveCfg = Debug|Any CPU
		{CD6DA773-986F-4503-88C1-193DF2A2A3DD}.Debug|Any CPU.Build.0 = Debug|Any CPU
		{CD6DA773-986F-4503-88C1-193DF2A2A3DD}.Release|Any CPU.ActiveCfg = Release|Any CPU
		{CD6DA773-986F-4503-88C1-193DF2A2A3DD}.Release|Any CPU.Build.0 = Release|Any CPU
	EndGlobalSection
	GlobalSection(SolutionProperties) = preSolution
		HideSolutionNode = FALSE
	EndGlobalSection
	GlobalSection(ExtensibilityGlobals) = postSolution
		SolutionGuid = {63BF1D54-53D3-45DF-9C75-2110C4A17E4A}
	EndGlobalSection
EndGlobal
